
Microsoft Visual Studio Solution File, Format Version 12.00
# Visual Studio Version 17
VisualStudioVersion = 17.13.35818.85
MinimumVisualStudioVersion = 10.0.40219.1
Project("{FAE04EC0-301F-11D3-BF4B-00C04F79EFBC}") = "Procedural Platformer", "Movimiento\Procedural Platformer.csproj", "{97557A6D-5104-4217-BCD1-6055F8C0EADA}"
EndProject
Global
	GlobalSection(SolutionConfigurationPlatforms) = preSolution
		Debug|Any CPU = Debug|Any CPU
		Release|Any CPU = Release|Any CPU
	EndGlobalSection
	GlobalSection(ProjectConfigurationPlatforms) = postSolution
		{97557A6D-5104-4217-BCD1-6055F8C0EADA}.Debug|Any CPU.ActiveCfg = Debug|Any CPU
		{97557A6D-5104-4217-BCD1-6055F8C0EADA}.Debug|Any CPU.Build.0 = Debug|Any CPU
		{97557A6D-5104-4217-BCD1-6055F8C0EADA}.Release|Any CPU.ActiveCfg = Release|Any CPU
		{97557A6D-5104-4217-BCD1-6055F8C0EADA}.Release|Any CPU.Build.0 = Release|Any CPU
	EndGlobalSection
	GlobalSection(SolutionProperties) = preSolution
		HideSolutionNode = FALSE
	EndGlobalSection
	GlobalSection(ExtensibilityGlobals) = postSolution
		SolutionGuid = {803DF552-6214-4F9B-901C-BB18950E65CC}
	EndGlobalSection
EndGlobal
