
Microsoft Visual Studio Solution File, Format Version 12.00
# Visual Studio Version 17
VisualStudioVersion = 17.13.35825.156 d17.13
MinimumVisualStudioVersion = 10.0.40219.1
Project("{FAE04EC0-301F-11D3-BF4B-00C04F79EFBC}") = "Prueba de escenario", "Prueba de escenario\Prueba de escenario.csproj", "{099FC01B-CBD1-41EC-89DA-B3DCAA7CF033}"
EndProject
Global
	GlobalSection(SolutionConfigurationPlatforms) = preSolution
		Debug|Any CPU = Debug|Any CPU
		Release|Any CPU = Release|Any CPU
	EndGlobalSection
	GlobalSection(ProjectConfigurationPlatforms) = postSolution
		{099FC01B-CBD1-41EC-89DA-B3DCAA7CF033}.Debug|Any CPU.ActiveCfg = Debug|Any CPU
		{099FC01B-CBD1-41EC-89DA-B3DCAA7CF033}.Debug|Any CPU.Build.0 = Debug|Any CPU
		{099FC01B-CBD1-41EC-89DA-B3DCAA7CF033}.Release|Any CPU.ActiveCfg = Release|Any CPU
		{099FC01B-CBD1-41EC-89DA-B3DCAA7CF033}.Release|Any CPU.Build.0 = Release|Any CPU
	EndGlobalSection
	GlobalSection(SolutionProperties) = preSolution
		HideSolutionNode = FALSE
	EndGlobalSection
	GlobalSection(ExtensibilityGlobals) = postSolution
		SolutionGuid = {2468628D-12CA-49EF-9DFC-D9157AE9346A}
	EndGlobalSection
EndGlobal
